// !$*UTF8*$!
{
	archiveVersion = 1;
	classes = {
	};
	objectVersion = 46;
	objects = {

/* Begin PBXBuildFile section */
		D4A6C84D1676D5C40049AACD /* UIKit.framework in Frameworks */ = {isa = PBXBuildFile; fileRef = D4A6C84C1676D5C40049AACD /* UIKit.framework */; };
		D4A6C84F1676D5C40049AACD /* Foundation.framework in Frameworks */ = {isa = PBXBuildFile; fileRef = D4A6C84E1676D5C40049AACD /* Foundation.framework */; };
		D4A6C8511676D5C40049AACD /* CoreGraphics.framework in Frameworks */ = {isa = PBXBuildFile; fileRef = D4A6C8501676D5C40049AACD /* CoreGraphics.framework */; };
		D4A6C8571676D5C40049AACD /* InfoPlist.strings in Resources */ = {isa = PBXBuildFile; fileRef = D4A6C8551676D5C40049AACD /* InfoPlist.strings */; };
		D4A6C8591676D5C40049AACD /* main.m in Sources */ = {isa = PBXBuildFile; fileRef = D4A6C8581676D5C40049AACD /* main.m */; };
		D4A6C85D1676D5C40049AACD /* ZSAppDelegate.m in Sources */ = {isa = PBXBuildFile; fileRef = D4A6C85C1676D5C40049AACD /* ZSAppDelegate.m */; };
		D4A6C85F1676D5C40049AACD /* Default.png in Resources */ = {isa = PBXBuildFile; fileRef = D4A6C85E1676D5C40049AACD /* Default.png */; };
		D4A6C8611676D5C40049AACD /* Default@2x.png in Resources */ = {isa = PBXBuildFile; fileRef = D4A6C8601676D5C40049AACD /* Default@2x.png */; };
		D4A6C8631676D5C40049AACD /* Default-568h@2x.png in Resources */ = {isa = PBXBuildFile; fileRef = D4A6C8621676D5C40049AACD /* Default-568h@2x.png */; };
		D4A6C8661676D5C40049AACD /* ZSViewController.m in Sources */ = {isa = PBXBuildFile; fileRef = D4A6C8651676D5C40049AACD /* ZSViewController.m */; };
		D4A6C8691676D5C40049AACD /* ZSViewController.xib in Resources */ = {isa = PBXBuildFile; fileRef = D4A6C8671676D5C40049AACD /* ZSViewController.xib */; };
/* End PBXBuildFile section */

/* Begin PBXFileReference section */
		D4A6C8481676D5C40049AACD /* ZS_LBS.app */ = {isa = PBXFileReference; explicitFileType = wrapper.application; includeInIndex = 0; path = ZS_LBS.app; sourceTree = BUILT_PRODUCTS_DIR; };
		D4A6C84C1676D5C40049AACD /* UIKit.framework */ = {isa = PBXFileReference; lastKnownFileType = wrapper.framework; name = UIKit.framework; path = System/Library/Frameworks/UIKit.framework; sourceTree = SDKROOT; };
		D4A6C84E1676D5C40049AACD /* Foundation.framework */ = {isa = PBXFileReference; lastKnownFileType = wrapper.framework; name = Foundation.framework; path = System/Library/Frameworks/Foundation.framework; sourceTree = SDKROOT; };
		D4A6C8501676D5C40049AACD /* CoreGraphics.framework */ = {isa = PBXFileReference; lastKnownFileType = wrapper.framework; name = CoreGraphics.framework; path = System/Library/Frameworks/CoreGraphics.framework; sourceTree = SDKROOT; };
		D4A6C8541676D5C40049AACD /* ZS_LBS-Info.plist */ = {isa = PBXFileReference; lastKnownFileType = text.plist.xml; path = "ZS_LBS-Info.plist"; sourceTree = "<group>"; };
		D4A6C8561676D5C40049AACD /* en */ = {isa = PBXFileReference; lastKnownFileType = text.plist.strings; name = en; path = en.lproj/InfoPlist.strings; sourceTree = "<group>"; };
		D4A6C8581676D5C40049AACD /* main.m */ = {isa = PBXFileReference; lastKnownFileType = sourcecode.c.objc; path = main.m; sourceTree = "<group>"; };
		D4A6C85A1676D5C40049AACD /* ZS_LBS-Prefix.pch */ = {isa = PBXFileReference; lastKnownFileType = sourcecode.c.h; path = "ZS_LBS-Prefix.pch"; sourceTree = "<group>"; };
		D4A6C85B1676D5C40049AACD /* ZSAppDelegate.h */ = {isa = PBXFileReference; lastKnownFileType = sourcecode.c.h; path = ZSAppDelegate.h; sourceTree = "<group>"; };
		D4A6C85C1676D5C40049AACD /* ZSAppDelegate.m */ = {isa = PBXFileReference; lastKnownFileType = sourcecode.c.objc; path = ZSAppDelegate.m; sourceTree = "<group>"; };
		D4A6C85E1676D5C40049AACD /* Default.png */ = {isa = PBXFileReference; lastKnownFileType = image.png; path = Default.png; sourceTree = "<group>"; };
		D4A6C8601676D5C40049AACD /* Default@2x.png */ = {isa = PBXFileReference; lastKnownFileType = image.png; path = "Default@2x.png"; sourceTree = "<group>"; };
		D4A6C8621676D5C40049AACD /* Default-568h@2x.png */ = {isa = PBXFileReference; lastKnownFileType = image.png; path = "Default-568h@2x.png"; sourceTree = "<group>"; };
		D4A6C8641676D5C40049AACD /* ZSViewController.h */ = {isa = PBXFileReference; lastKnownFileType = sourcecode.c.h; path = ZSViewController.h; sourceTree = "<group>"; };
		D4A6C8651676D5C40049AACD /* ZSViewController.m */ = {isa = PBXFileReference; lastKnownFileType = sourcecode.c.objc; path = ZSViewController.m; sourceTree = "<group>"; };
		D4A6C8681676D5C40049AACD /* en */ = {isa = PBXFileReference; lastKnownFileType = file.xib; name = en; path = en.lproj/ZSViewController.xib; sourceTree = "<group>"; };
/* End PBXFileReference section */

/* Begin PBXFrameworksBuildPhase section */
		D4A6C8451676D5C40049AACD /* Frameworks */ = {
			isa = PBXFrameworksBuildPhase;
			buildActionMask = 2147483647;
			files = (
				D4A6C84D1676D5C40049AACD /* UIKit.framework in Frameworks */,
				D4A6C84F1676D5C40049AACD /* Foundation.framework in Frameworks */,
				D4A6C8511676D5C40049AACD /* CoreGraphics.framework in Frameworks */,
			);
			runOnlyForDeploymentPostprocessing = 0;
		};
/* End PBXFrameworksBuildPhase section */

/* Begin PBXGroup section */
		D4A6C83D1676D5C40049AACD = {
			isa = PBXGroup;
			children = (
				D4A6C8521676D5C40049AACD /* ZS_LBS */,
				D4A6C84B1676D5C40049AACD /* Frameworks */,
				D4A6C8491676D5C40049AACD /* Products */,
			);
			sourceTree = "<group>";
		};
		D4A6C8491676D5C40049AACD /* Products */ = {
			isa = PBXGroup;
			children = (
				D4A6C8481676D5C40049AACD /* ZS_LBS.app */,
			);
			name = Products;
			sourceTree = "<group>";
		};
		D4A6C84B1676D5C40049AACD /* Frameworks */ = {
			isa = PBXGroup;
			children = (
				D4A6C84C1676D5C40049AACD /* UIKit.framework */,
				D4A6C84E1676D5C40049AACD /* Foundation.framework */,
				D4A6C8501676D5C40049AACD /* CoreGraphics.framework */,
			);
			name = Frameworks;
			sourceTree = "<group>";
		};
		D4A6C8521676D5C40049AACD /* ZS_LBS */ = {
			isa = PBXGroup;
			children = (
				D4A6C85B1676D5C40049AACD /* ZSAppDelegate.h */,
				D4A6C85C1676D5C40049AACD /* ZSAppDelegate.m */,
				D4A6C8641676D5C40049AACD /* ZSViewController.h */,
				D4A6C8651676D5C40049AACD /* ZSViewController.m */,
				D4A6C8671676D5C40049AACD /* ZSViewController.xib */,
				D4A6C8531676D5C40049AACD /* Supporting Files */,
			);
			path = ZS_LBS;
			sourceTree = "<group>";
		};
		D4A6C8531676D5C40049AACD /* Supporting Files */ = {
			isa = PBXGroup;
			children = (
				D4A6C8541676D5C40049AACD /* ZS_LBS-Info.plist */,
				D4A6C8551676D5C40049AACD /* InfoPlist.strings */,
				D4A6C8581676D5C40049AACD /* main.m */,
				D4A6C85A1676D5C40049AACD /* ZS_LBS-Prefix.pch */,
				D4A6C85E1676D5C40049AACD /* Default.png */,
				D4A6C8601676D5C40049AACD /* Default@2x.png */,
				D4A6C8621676D5C40049AACD /* Default-568h@2x.png */,
			);
			name = "Supporting Files";
			sourceTree = "<group>";
		};
/* End PBXGroup section */

/* Begin PBXNativeTarget section */
		D4A6C8471676D5C40049AACD /* ZS_LBS */ = {
			isa = PBXNativeTarget;
			buildConfigurationList = D4A6C86C1676D5C40049AACD /* Build configuration list for PBXNativeTarget "ZS_LBS" */;
			buildPhases = (
				D4A6C8441676D5C40049AACD /* Sources */,
				D4A6C8451676D5C40049AACD /* Frameworks */,
				D4A6C8461676D5C40049AACD /* Resources */,
			);
			buildRules = (
			);
			dependencies = (
			);
			name = ZS_LBS;
			productName = ZS_LBS;
			productReference = D4A6C8481676D5C40049AACD /* ZS_LBS.app */;
			productType = "com.apple.product-type.application";
		};
/* End PBXNativeTarget section */

/* Begin PBXProject section */
		D4A6C83F1676D5C40049AACD /* Project object */ = {
			isa = PBXProject;
			attributes = {
				CLASSPREFIX = ZS;
				LastUpgradeCheck = 0450;
				ORGANIZATIONNAME = Sherwin.Chen;
			};
			buildConfigurationList = D4A6C8421676D5C40049AACD /* Build configuration list for PBXProject "ZS_LBS" */;
			compatibilityVersion = "Xcode 3.2";
			developmentRegion = English;
			hasScannedForEncodings = 0;
			knownRegions = (
				en,
			);
			mainGroup = D4A6C83D1676D5C40049AACD;
			productRefGroup = D4A6C8491676D5C40049AACD /* Products */;
			projectDirPath = "";
			projectRoot = "";
			targets = (
				D4A6C8471676D5C40049AACD /* ZS_LBS */,
			);
		};
/* End PBXProject section */

/* Begin PBXResourcesBuildPhase section */
		D4A6C8461676D5C40049AACD /* Resources */ = {
			isa = PBXResourcesBuildPhase;
			buildActionMask = 2147483647;
			files = (
				D4A6C8571676D5C40049AACD /* InfoPlist.strings in Resources */,
				D4A6C85F1676D5C40049AACD /* Default.png in Resources */,
				D4A6C8611676D5C40049AACD /* Default@2x.png in Resources */,
				D4A6C8631676D5C40049AACD /* Default-568h@2x.png in Resources */,
				D4A6C8691676D5C40049AACD /* ZSViewController.xib in Resources */,
			);
			runOnlyForDeploymentPostprocessing = 0;
		};
/* End PBXResourcesBuildPhase section */

/* Begin PBXSourcesBuildPhase section */
		D4A6C8441676D5C40049AACD /* Sources */ = {
			isa = PBXSourcesBuildPhase;
			buildActionMask = 2147483647;
			files = (
				D4A6C8591676D5C40049AACD /* main.m in Sources */,
				D4A6C85D1676D5C40049AACD /* ZSAppDelegate.m in Sources */,
				D4A6C8661676D5C40049AACD /* ZSViewController.m in Sources */,
			);
			runOnlyForDeploymentPostprocessing = 0;
		};
/* End PBXSourcesBuildPhase section */

/* Begin PBXVariantGroup section */
		D4A6C8551676D5C40049AACD /* InfoPlist.strings */ = {
			isa = PBXVariantGroup;
			children = (
				D4A6C8561676D5C40049AACD /* en */,
			);
			name = InfoPlist.strings;
			sourceTree = "<group>";
		};
		D4A6C8671676D5C40049AACD /* ZSViewController.xib */ = {
			isa = PBXVariantGroup;
			children = (
				D4A6C8681676D5C40049AACD /* en */,
			);
			name = ZSViewController.xib;
			sourceTree = "<group>";
		};
/* End PBXVariantGroup section */

/* Begin XCBuildConfiguration section */
		D4A6C86A1676D5C40049AACD /* Debug */ = {
			isa = XCBuildConfiguration;
			buildSettings = {
				ALWAYS_SEARCH_USER_PATHS = NO;
				CLANG_CXX_LANGUAGE_STANDARD = "gnu++0x";
				CLANG_CXX_LIBRARY = "libc++";
				CLANG_WARN_EMPTY_BODY = YES;
				CLANG_WARN__DUPLICATE_METHOD_MATCH = YES;
				"CODE_SIGN_IDENTITY[sdk=iphoneos*]" = "iPhone Developer";
				COPY_PHASE_STRIP = NO;
				GCC_C_LANGUAGE_STANDARD = gnu99;
				GCC_DYNAMIC_NO_PIC = NO;
				GCC_OPTIMIZATION_LEVEL = 0;
				GCC_PREPROCESSOR_DEFINITIONS = (
					"DEBUG=1",
					"$(inherited)",
				);
				GCC_SYMBOLS_PRIVATE_EXTERN = NO;
				GCC_WARN_ABOUT_RETURN_TYPE = YES;
				GCC_WARN_UNINITIALIZED_AUTOS = YES;
				GCC_WARN_UNUSED_VARIABLE = YES;
				IPHONEOS_DEPLOYMENT_TARGET = 6.0;
				SDKROOT = iphoneos;
			};
			name = Debug;
		};
		D4A6C86B1676D5C40049AACD /* Release */ = {
			isa = XCBuildConfiguration;
			buildSettings = {
				ALWAYS_SEARCH_USER_PATHS = NO;
				CLANG_CXX_LANGUAGE_STANDARD = "gnu++0x";
				CLANG_CXX_LIBRARY = "libc++";
				CLANG_WARN_EMPTY_BODY = YES;
				CLANG_WARN__DUPLICATE_METHOD_MATCH = YES;
				"CODE_SIGN_IDENTITY[sdk=iphoneos*]" = "iPhone Developer";
				COPY_PHASE_STRIP = YES;
				GCC_C_LANGUAGE_STANDARD = gnu99;
				GCC_WARN_ABOUT_RETURN_TYPE = YES;
				GCC_WARN_UNINITIALIZED_AUTOS = YES;
				GCC_WARN_UNUSED_VARIABLE = YES;
				IPHONEOS_DEPLOYMENT_TARGET = 6.0;
				OTHER_CFLAGS = "-DNS_BLOCK_ASSERTIONS=1";
				SDKROOT = iphoneos;
				VALIDATE_PRODUCT = YES;
			};
			name = Release;
		};
		D4A6C86D1676D5C40049AACD /* Debug */ = {
			isa = XCBuildConfiguration;
			buildSettings = {
				GCC_PRECOMPILE_PREFIX_HEADER = YES;
				GCC_PREFIX_HEADER = "ZS_LBS/ZS_LBS-Prefix.pch";
				INFOPLIST_FILE = "ZS_LBS/ZS_LBS-Info.plist";
				PRODUCT_NAME = "$(TARGET_NAME)";
				WRAPPER_EXTENSION = app;
			};
			name = Debug;
		};
		D4A6C86E1676D5C40049AACD /* Release */ = {
			isa = XCBuildConfiguration;
			buildSettings = {
				GCC_PRECOMPILE_PREFIX_HEADER = YES;
				GCC_PREFIX_HEADER = "ZS_LBS/ZS_LBS-Prefix.pch";
				INFOPLIST_FILE = "ZS_LBS/ZS_LBS-Info.plist";
				PRODUCT_NAME = "$(TARGET_NAME)";
				WRAPPER_EXTENSION = app;
			};
			name = Release;
		};
/* End XCBuildConfiguration section */

/* Begin XCConfigurationList section */
		D4A6C8421676D5C40049AACD /* Build configuration list for PBXProject "ZS_LBS" */ = {
			isa = XCConfigurationList;
			buildConfigurations = (
				D4A6C86A1676D5C40049AACD /* Debug */,
				D4A6C86B1676D5C40049AACD /* Release */,
			);
			defaultConfigurationIsVisible = 0;
			defaultConfigurationName = Release;
		};
		D4A6C86C1676D5C40049AACD /* Build configuration list for PBXNativeTarget "ZS_LBS" */ = {
			isa = XCConfigurationList;
			buildConfigurations = (
				D4A6C86D1676D5C40049AACD /* Debug */,
				D4A6C86E1676D5C40049AACD /* Release */,
			);
			defaultConfigurationIsVisible = 0;
		};
/* End XCConfigurationList section */
	};
	rootObject = D4A6C83F1676D5C40049AACD /* Project object */;
}
